{
  "requires": true,
  "lockfileVersion": 1,
  "dependencies": {
    "react-flip-numbers": {
      "version": "3.0.2",
      "resolved": "https://registry.npmjs.org/react-flip-numbers/-/react-flip-numbers-3.0.2.tgz",
      "integrity": "sha512-b79rkh8f4Bfu00dcdEtKKwKkrjaFH65xazFZHHbgKviBDnqdOTg+GlB8TaCN/APJ1LDohWNX+FSlpiSfzNMCXA==",
      "requires": {
        "react-simple-animate": "3.0.2"
      },
      "dependencies": {
        "react-simple-animate": {
          "version": "3.0.2",
          "resolved": "https://registry.npmjs.org/react-simple-animate/-/react-simple-animate-3.0.2.tgz",
          "integrity": "sha512-GDpznDMpIHHdH6L6AZo9nNry6Xsq7forKmd6rwigMSuxe4FS9ihK0HSC1odB4WWKbA87S8VL7EVR9JeTRVkbQA=="
        }
      }
    },
    "react-simple-animate": {
      "version": "3.2.0",
      "resolved": "https://registry.npmjs.org/react-simple-animate/-/react-simple-animate-3.2.0.tgz",
      "integrity": "sha512-zIlfuU56/ru2NtSkDKIqqOrbCQPTYeMKdAaqOuzauvF574ML7M4EoTWkgJEivJDMWXU5NMkqRJBtunWj8tod8g=="
    },
    "react-smooth-range-input": {
      "version": "0.3.1",
      "resolved": "https://registry.npmjs.org/react-smooth-range-input/-/react-smooth-range-input-0.3.1.tgz",
      "integrity": "sha512-Sxx3xXBh6izSrI9e3YrHhMJ8UlX3fRwVDWp6PiKuQ3XwgUpBcxB1erRf/w7V/sOrcBLp95T89OQ+SVZIrmfEjg==",
      "requires": {
        "react-flip-numbers": "3.0.2",
        "react-simple-animate": "^3.0.2"
      }
    }
  }
}
